
Microsoft Visual Studio Solution File, Format Version 12.00
# Visual Studio Version 16
VisualStudioVersion = 16.0.32106.194
MinimumVisualStudioVersion = 10.0.40219.1
Project("{FAE04EC0-301F-11D3-BF4B-00C04F79EFBC}") = "ElTest", "ElTest\ElTest.csproj", "{5D089007-2617-4B41-AABE-88C9FA8E7AE5}"
EndProject
Project("{FAE04EC0-301F-11D3-BF4B-00C04F79EFBC}") = "ElDataBase", "ElDataBase\ElDataBase.csproj", "{897BB476-15E1-4496-84CF-95ECA5D0A879}"
EndProject
Global
	GlobalSection(SolutionConfigurationPlatforms) = preSolution
		Debug|Any CPU = Debug|Any CPU
		Release|Any CPU = Release|Any CPU
	EndGlobalSection
	GlobalSection(ProjectConfigurationPlatforms) = postSolution
		{5D089007-2617-4B41-AABE-88C9FA8E7AE5}.Debug|Any CPU.ActiveCfg = Debug|Any CPU
		{5D089007-2617-4B41-AABE-88C9FA8E7AE5}.Debug|Any CPU.Build.0 = Debug|Any CPU
		{5D089007-2617-4B41-AABE-88C9FA8E7AE5}.Release|Any CPU.ActiveCfg = Release|Any CPU
		{5D089007-2617-4B41-AABE-88C9FA8E7AE5}.Release|Any CPU.Build.0 = Release|Any CPU
		{897BB476-15E1-4496-84CF-95ECA5D0A879}.Debug|Any CPU.ActiveCfg = Debug|Any CPU
		{897BB476-15E1-4496-84CF-95ECA5D0A879}.Debug|Any CPU.Build.0 = Debug|Any CPU
		{897BB476-15E1-4496-84CF-95ECA5D0A879}.Release|Any CPU.ActiveCfg = Release|Any CPU
		{897BB476-15E1-4496-84CF-95ECA5D0A879}.Release|Any CPU.Build.0 = Release|Any CPU
	EndGlobalSection
	GlobalSection(SolutionProperties) = preSolution
		HideSolutionNode = FALSE
	EndGlobalSection
	GlobalSection(ExtensibilityGlobals) = postSolution
		SolutionGuid = {76399BA2-F339-44A0-9EC0-7E265DC5F3DB}
	EndGlobalSection
EndGlobal
